
Microsoft Visual Studio Solution File, Format Version 12.00
# Visual Studio 15
VisualStudioVersion = 15.0.26730.8
MinimumVisualStudioVersion = 10.0.40219.1
Project("{FAE04EC0-301F-11D3-BF4B-00C04F79EFBC}") = "TIC.Web", "src\TIC.Web\TIC.Web.csproj", "{07401E6A-36FD-4DC6-B751-2C749966B766}"
EndProject
Project("{2150E333-8FDC-42A3-9474-1A3956D46DE8}") = "modules", "modules", "{4B6F958F-BBCF-4369-855D-502F2BF95074}"
EndProject
Project("{2150E333-8FDC-42A3-9474-1A3956D46DE8}") = "test", "test", "{859A12FE-9627-4E06-9261-372BDAEFA58C}"
EndProject
Project("{2150E333-8FDC-42A3-9474-1A3956D46DE8}") = "src", "src", "{A4AE4E93-0E71-4796-9CA6-58A0BF65FE84}"
EndProject
Project("{FAE04EC0-301F-11D3-BF4B-00C04F79EFBC}") = "TIC.Parser", "src\TIC.Parser\TIC.Parser.csproj", "{1C20F94B-8425-4FA1-B5B6-5DE05989F2FF}"
EndProject
Project("{FAE04EC0-301F-11D3-BF4B-00C04F79EFBC}") = "TIC.ParserStart", "src\TIC.ParserStart\TIC.ParserStart.csproj", "{D5414124-9FDE-44A4-828D-E8B998F4934F}"
EndProject
Project("{FAE04EC0-301F-11D3-BF4B-00C04F79EFBC}") = "TIC.ApiClient", "src\TIC.ApiClient\TIC.ApiClient.csproj", "{CD38179E-611A-43F0-98F7-2B8869CBC541}"
EndProject
Global
	GlobalSection(SolutionConfigurationPlatforms) = preSolution
		Debug|Any CPU = Debug|Any CPU
		Release|Any CPU = Release|Any CPU
	EndGlobalSection
	GlobalSection(ProjectConfigurationPlatforms) = postSolution
		{07401E6A-36FD-4DC6-B751-2C749966B766}.Debug|Any CPU.ActiveCfg = Debug|Any CPU
		{07401E6A-36FD-4DC6-B751-2C749966B766}.Debug|Any CPU.Build.0 = Debug|Any CPU
		{07401E6A-36FD-4DC6-B751-2C749966B766}.Release|Any CPU.ActiveCfg = Release|Any CPU
		{07401E6A-36FD-4DC6-B751-2C749966B766}.Release|Any CPU.Build.0 = Release|Any CPU
		{1C20F94B-8425-4FA1-B5B6-5DE05989F2FF}.Debug|Any CPU.ActiveCfg = Debug|Any CPU
		{1C20F94B-8425-4FA1-B5B6-5DE05989F2FF}.Debug|Any CPU.Build.0 = Debug|Any CPU
		{1C20F94B-8425-4FA1-B5B6-5DE05989F2FF}.Release|Any CPU.ActiveCfg = Release|Any CPU
		{1C20F94B-8425-4FA1-B5B6-5DE05989F2FF}.Release|Any CPU.Build.0 = Release|Any CPU
		{D5414124-9FDE-44A4-828D-E8B998F4934F}.Debug|Any CPU.ActiveCfg = Debug|Any CPU
		{D5414124-9FDE-44A4-828D-E8B998F4934F}.Debug|Any CPU.Build.0 = Debug|Any CPU
		{D5414124-9FDE-44A4-828D-E8B998F4934F}.Release|Any CPU.ActiveCfg = Release|Any CPU
		{D5414124-9FDE-44A4-828D-E8B998F4934F}.Release|Any CPU.Build.0 = Release|Any CPU
		{CD38179E-611A-43F0-98F7-2B8869CBC541}.Debug|Any CPU.ActiveCfg = Debug|Any CPU
		{CD38179E-611A-43F0-98F7-2B8869CBC541}.Debug|Any CPU.Build.0 = Debug|Any CPU
		{CD38179E-611A-43F0-98F7-2B8869CBC541}.Release|Any CPU.ActiveCfg = Release|Any CPU
		{CD38179E-611A-43F0-98F7-2B8869CBC541}.Release|Any CPU.Build.0 = Release|Any CPU
	EndGlobalSection
	GlobalSection(SolutionProperties) = preSolution
		HideSolutionNode = FALSE
	EndGlobalSection
	GlobalSection(ExtensibilityGlobals) = postSolution
		SolutionGuid = {5DBD7152-9F2E-4E41-AA79-91CA06CDDB2C}
	EndGlobalSection
	GlobalSection(NestedProjects) = preSolution
		{07401E6A-36FD-4DC6-B751-2C749966B766} = {A4AE4E93-0E71-4796-9CA6-58A0BF65FE84}
		{1C20F94B-8425-4FA1-B5B6-5DE05989F2FF} = {A4AE4E93-0E71-4796-9CA6-58A0BF65FE84}
		{D5414124-9FDE-44A4-828D-E8B998F4934F} = {A4AE4E93-0E71-4796-9CA6-58A0BF65FE84}
		{CD38179E-611A-43F0-98F7-2B8869CBC541} = {A4AE4E93-0E71-4796-9CA6-58A0BF65FE84}
	EndGlobalSection
EndGlobal
