
Microsoft Visual Studio Solution File, Format Version 12.00
# Visual Studio 15
VisualStudioVersion = 15.0.26730.8
MinimumVisualStudioVersion = 10.0.40219.1
Project("{FAE04EC0-301F-11D3-BF4B-00C04F79EFBC}") = "TIC.Web", "TIC.Web\TIC.Web.csproj", "{670EBD17-E676-4A2F-A3FE-D3B94464F700}"
EndProject
Project("{E53339B2-1760-4266-BCC7-CA923CBCF16C}") = "docker-compose", "docker-compose.dcproj", "{ECD5142B-F086-453B-816D-AC6D72D39DF1}"
EndProject
Global
	GlobalSection(SolutionConfigurationPlatforms) = preSolution
		Debug|Any CPU = Debug|Any CPU
		Release|Any CPU = Release|Any CPU
	EndGlobalSection
	GlobalSection(ProjectConfigurationPlatforms) = postSolution
		{670EBD17-E676-4A2F-A3FE-D3B94464F700}.Debug|Any CPU.ActiveCfg = Debug|Any CPU
		{670EBD17-E676-4A2F-A3FE-D3B94464F700}.Debug|Any CPU.Build.0 = Debug|Any CPU
		{670EBD17-E676-4A2F-A3FE-D3B94464F700}.Release|Any CPU.ActiveCfg = Release|Any CPU
		{670EBD17-E676-4A2F-A3FE-D3B94464F700}.Release|Any CPU.Build.0 = Release|Any CPU
		{ECD5142B-F086-453B-816D-AC6D72D39DF1}.Debug|Any CPU.ActiveCfg = Debug|Any CPU
		{ECD5142B-F086-453B-816D-AC6D72D39DF1}.Debug|Any CPU.Build.0 = Debug|Any CPU
		{ECD5142B-F086-453B-816D-AC6D72D39DF1}.Release|Any CPU.ActiveCfg = Release|Any CPU
		{ECD5142B-F086-453B-816D-AC6D72D39DF1}.Release|Any CPU.Build.0 = Release|Any CPU
	EndGlobalSection
	GlobalSection(SolutionProperties) = preSolution
		HideSolutionNode = FALSE
	EndGlobalSection
	GlobalSection(ExtensibilityGlobals) = postSolution
		SolutionGuid = {5DBD7152-9F2E-4E41-AA79-91CA06CDDB2C}
	EndGlobalSection
EndGlobal
